# THIS IS AN AUTOGENERATED FILE. DO NOT EDIT THIS FILE DIRECTLY.
# yarn lockfile v1


"@babel/runtime@^7.9.6":
  version "7.10.5"
  resolved "https://registry.yarnpkg.com/@babel/runtime/-/runtime-7.10.5.tgz#303d8bd440ecd5a491eae6117fd3367698674c5c"
  integrity sha512-otddXKhdNn7d0ptoFRHtMLa8LqDxLYwTjB4nYgM1yy5N6gU/MUf8zqyyLltCH3yAVitBzmwK4us+DD0l/MauAg==
  dependencies:
    regenerator-runtime "^0.13.4"

"@types/bson@*":
  version "4.0.2"
  resolved "https://registry.yarnpkg.com/@types/bson/-/bson-4.0.2.tgz#7accb85942fc39bbdb7515d4de437c04f698115f"
  integrity sha512-+uWmsejEHfmSjyyM/LkrP0orfE2m5Mx9Xel4tXNeqi1ldK5XMQcDsFkBmLDtuyKUbxj2jGDo0H240fbCRJZo7Q==
  dependencies:
    "@types/node" "*"

"@types/debug@^4.1.5":
  version "4.1.5"
  resolved "https://registry.yarnpkg.com/@types/debug/-/debug-4.1.5.tgz#b14efa8852b7768d898906613c23f688713e02cd"
  integrity sha512-Q1y515GcOdTHgagaVFhHnIFQ38ygs/kmxdNpvpou+raI9UO3YZcHDngBSYKQklcKlvA7iuQlmIKbzvmxcOE9CQ==

"@types/lodash.isequal@^4.5.5":
  version "4.5.5"
  resolved "https://registry.yarnpkg.com/@types/lodash.isequal/-/lodash.isequal-4.5.5.tgz#4fed1b1b00bef79e305de0352d797e9bb816c8ff"
  integrity sha512-4IKbinG7MGP131wRfceK6W4E/Qt3qssEFLF30LnJbjYiSfHGGRU/Io8YxXrZX109ir+iDETC8hw8QsDijukUVg==
  dependencies:
    "@types/lodash" "*"

"@types/lodash@*":
  version "4.14.158"
  resolved "https://registry.yarnpkg.com/@types/lodash/-/lodash-4.14.158.tgz#b38ea8b6fe799acd076d7a8d7ab71c26ef77f785"
  integrity sha512-InCEXJNTv/59yO4VSfuvNrZHt7eeNtWQEgnieIA+mIC+MOWM9arOWG2eQ8Vhk6NbOre6/BidiXhkZYeDY9U35w==

"@types/mongodb@^3.5.25":
  version "3.5.25"
  resolved "https://registry.yarnpkg.com/@types/mongodb/-/mongodb-3.5.25.tgz#ab187db04d79f8e3f15af236327dc9139d9d4736"
  integrity sha512-2H/Owt+pHCl9YmBOYnXc3VdnxejJEjVdH+QCWL5ZAfPehEn3evygKBX3/vKRv7aTwfNbUd0E5vjJdQklH/9a6w==
  dependencies:
    "@types/bson" "*"
    "@types/node" "*"

"@types/node@*":
  version "14.0.23"
  resolved "https://registry.yarnpkg.com/@types/node/-/node-14.0.23.tgz#676fa0883450ed9da0bb24156213636290892806"
  integrity sha512-Z4U8yDAl5TFkmYsZdFPdjeMa57NOvnaf1tljHzhouaPEp7LCj2JKkejpI1ODviIAQuW4CcQmxkQ77rnLsOOoKw==

"@types/node@^14.0.24":
  version "14.0.24"
  resolved "https://registry.yarnpkg.com/@types/node/-/node-14.0.24.tgz#b0f86f58564fa02a28b68f8b55d4cdec42e3b9d6"
  integrity sha512-btt/oNOiDWcSuI721MdL8VQGnjsKjlTMdrKyTcLCKeQp/n4AAMFJ961wMbp+09y8WuGPClDEv07RIItdXKIXAA==

"@types/yup@^0.29.3":
  version "0.29.3"
  resolved "https://registry.yarnpkg.com/@types/yup/-/yup-0.29.3.tgz#5a85024796bffe0eb01601bfc180fe218356dba4"
  integrity sha512-XxZFKnxzTfm+DR8MMBA35UUXfUPmjPpi8HJ90VZg7q/LIbtiOhVGJ26gNnATcflcpnIyf2Qm9A+oEhswaqoDpA==

bl@^2.2.0:
  version "2.2.0"
  resolved "https://registry.yarnpkg.com/bl/-/bl-2.2.0.tgz#e1a574cdf528e4053019bb800b041c0ac88da493"
  integrity sha512-wbgvOpqopSr7uq6fJrLH8EsvYMJf9gzfo2jCsL2eTy75qXPukA4pCgHamOQkZtY5vmfVtjB+P3LNlMHW5CEZXA==
  dependencies:
    readable-stream "^2.3.5"
    safe-buffer "^5.1.1"

bson@^1.1.4:
  version "1.1.4"
  resolved "https://registry.yarnpkg.com/bson/-/bson-1.1.4.tgz#f76870d799f15b854dffb7ee32f0a874797f7e89"
  integrity sha512-S/yKGU1syOMzO86+dGpg2qGoDL0zvzcb262G+gqEy6TgP6rt6z6qxSFX/8X6vLC91P7G7C3nLs0+bvDzmvBA3Q==

core-util-is@~1.0.0:
  version "1.0.2"
  resolved "https://registry.yarnpkg.com/core-util-is/-/core-util-is-1.0.2.tgz#b5fd54220aa2bc5ab57aab7140c940754503c1a7"
  integrity sha1-tf1UIgqivFq1eqtxQMlAdUUDwac=

dataloader@^2.0.0:
  version "2.0.0"
  resolved "https://registry.yarnpkg.com/dataloader/-/dataloader-2.0.0.tgz#41eaf123db115987e21ca93c005cd7753c55fe6f"
  integrity sha512-YzhyDAwA4TaQIhM5go+vCLmU0UikghC/t9DTQYZR2M/UvZ1MdOhPezSDZcjj9uqQJOMqjLcpWtyW2iNINdlatQ==

debug@^4.1.1:
  version "4.1.1"
  resolved "https://registry.yarnpkg.com/debug/-/debug-4.1.1.tgz#3b72260255109c6b589cee050f1d516139664791"
  integrity sha512-pYAIzeRo8J6KPEaJ0VWOh5Pzkbw/RetuzehGM7QRRX5he4fPHx2rdKMB256ehJCkX+XRQm16eZLqLNS8RSZXZw==
  dependencies:
    ms "^2.1.1"

denque@^1.4.1:
  version "1.4.1"
  resolved "https://registry.yarnpkg.com/denque/-/denque-1.4.1.tgz#6744ff7641c148c3f8a69c307e51235c1f4a37cf"
  integrity sha512-OfzPuSZKGcgr96rf1oODnfjqBFmr1DVoc/TrItj3Ohe0Ah1C5WX5Baquw/9U9KovnQ88EqmJbD66rKYUQYN1tQ==

fn-name@~3.0.0:
  version "3.0.0"
  resolved "https://registry.yarnpkg.com/fn-name/-/fn-name-3.0.0.tgz#0596707f635929634d791f452309ab41558e3c5c"
  integrity sha512-eNMNr5exLoavuAMhIUVsOKF79SWd/zG104ef6sxBTSw+cZc6BXdQXDvYcGvp0VbxVVSp1XDUNoz7mg1xMtSznA==

inherits@~2.0.3:
  version "2.0.4"
  resolved "https://registry.yarnpkg.com/inherits/-/inherits-2.0.4.tgz#0fa2c64f932917c3433a0ded55363aae37416b7c"
  integrity sha512-k/vGaX4/Yla3WzyMCvTQOXYeIHvqOKtnqBduzTHpzpQZzAskKMhZ2K+EnBiSM9zGSoIFeMpXKxa4dYeZIQqewQ==

isarray@~1.0.0:
  version "1.0.0"
  resolved "https://registry.yarnpkg.com/isarray/-/isarray-1.0.0.tgz#bb935d48582cba168c06834957a54a3e07124f11"
  integrity sha1-u5NdSFgsuhaMBoNJV6VKPgcSTxE=

lodash-es@^4.17.11:
  version "4.17.15"
  resolved "https://registry.yarnpkg.com/lodash-es/-/lodash-es-4.17.15.tgz#21bd96839354412f23d7a10340e5eac6ee455d78"
  integrity sha512-rlrc3yU3+JNOpZ9zj5pQtxnx2THmvRykwL4Xlxoa8I9lHBlVbbyPhgyPMioxVZ4NqyxaVVtaJnzsyOidQIhyyQ==

lodash.isequal@^4.5.0:
  version "4.5.0"
  resolved "https://registry.yarnpkg.com/lodash.isequal/-/lodash.isequal-4.5.0.tgz#415c4478f2bcc30120c22ce10ed3226f7d3e18e0"
  integrity sha1-QVxEePK8wwEgwizhDtMib30+GOA=

lodash@^4.17.15:
  version "4.17.19"
  resolved "https://registry.yarnpkg.com/lodash/-/lodash-4.17.19.tgz#e48ddedbe30b3321783c5b4301fbd353bc1e4a4b"
  integrity sha512-JNvd8XER9GQX0v2qJgsaN/mzFCNA5BRe/j8JN9d+tWyGLSodKQHKFicdwNYzWwI3wjRnaKPsGj1XkBjx/F96DQ==

memory-pager@^1.0.2:
  version "1.5.0"
  resolved "https://registry.yarnpkg.com/memory-pager/-/memory-pager-1.5.0.tgz#d8751655d22d384682741c972f2c3d6dfa3e66b5"
  integrity sha512-ZS4Bp4r/Zoeq6+NLJpP+0Zzm0pR8whtGPf1XExKLJBAczGMnSi3It14OiNCStjQjM6NU1okjQGSxgEZN8eBYKg==

mongodb@^3.5.9:
  version "3.5.9"
  resolved "https://registry.yarnpkg.com/mongodb/-/mongodb-3.5.9.tgz#799b72be8110b7e71a882bb7ce0d84d05429f772"
  integrity sha512-vXHBY1CsGYcEPoVWhwgxIBeWqP3dSu9RuRDsoLRPTITrcrgm1f0Ubu1xqF9ozMwv53agmEiZm0YGo+7WL3Nbug==
  dependencies:
    bl "^2.2.0"
    bson "^1.1.4"
    denque "^1.4.1"
    require_optional "^1.0.1"
    safe-buffer "^5.1.2"
  optionalDependencies:
    saslprep "^1.0.0"

ms@^2.1.1:
  version "2.1.2"
  resolved "https://registry.yarnpkg.com/ms/-/ms-2.1.2.tgz#d09d1f357b443f493382a8eb3ccd183872ae6009"
  integrity sha512-sGkPx+VjMtmA6MX27oA4FBFELFCZZ4S4XqeGOXCv68tT+jb3vk/RyaKWP0PTKyWtmLSM0b+adUTEvbs1PEaH2w==

process-nextick-args@~2.0.0:
  version "2.0.1"
  resolved "https://registry.yarnpkg.com/process-nextick-args/-/process-nextick-args-2.0.1.tgz#7820d9b16120cc55ca9ae7792680ae7dba6d7fe2"
  integrity sha512-3ouUOpQhtgrbOa17J7+uxOTpITYWaGP7/AhoR3+A+/1e9skrzelGi/dXzEYyvbxubEF6Wn2ypscTKiKJFFn1ag==

property-expr@^2.0.2:
  version "2.0.2"
  resolved "https://registry.yarnpkg.com/property-expr/-/property-expr-2.0.2.tgz#fff2a43919135553a3bc2fdd94bdb841965b2330"
  integrity sha512-bc/5ggaYZxNkFKj374aLbEDqVADdYaLcFo8XBkishUWbaAdjlphaBFns9TvRA2pUseVL/wMFmui9X3IdNDU37g==

readable-stream@^2.3.5:
  version "2.3.7"
  resolved "https://registry.yarnpkg.com/readable-stream/-/readable-stream-2.3.7.tgz#1eca1cf711aef814c04f62252a36a62f6cb23b57"
  integrity sha512-Ebho8K4jIbHAxnuxi7o42OrZgF/ZTNcsZj6nRKyUmkhLFq8CHItp/fy6hQZuZmP/n3yZ9VBUbp4zz/mX8hmYPw==
  dependencies:
    core-util-is "~1.0.0"
    inherits "~2.0.3"
    isarray "~1.0.0"
    process-nextick-args "~2.0.0"
    safe-buffer "~5.1.1"
    string_decoder "~1.1.1"
    util-deprecate "~1.0.1"

regenerator-runtime@^0.13.4:
  version "0.13.5"
  resolved "https://registry.yarnpkg.com/regenerator-runtime/-/regenerator-runtime-0.13.5.tgz#d878a1d094b4306d10b9096484b33ebd55e26697"
  integrity sha512-ZS5w8CpKFinUzOwW3c83oPeVXoNsrLsaCoLtJvAClH135j/R77RuymhiSErhm2lKcwSCIpmvIWSbDkIfAqKQlA==

require_optional@^1.0.1:
  version "1.0.1"
  resolved "https://registry.yarnpkg.com/require_optional/-/require_optional-1.0.1.tgz#4cf35a4247f64ca3df8c2ef208cc494b1ca8fc2e"
  integrity sha512-qhM/y57enGWHAe3v/NcwML6a3/vfESLe/sGM2dII+gEO0BpKRUkWZow/tyloNqJyN6kXSl3RyyM8Ll5D/sJP8g==
  dependencies:
    resolve-from "^2.0.0"
    semver "^5.1.0"

resolve-from@^2.0.0:
  version "2.0.0"
  resolved "https://registry.yarnpkg.com/resolve-from/-/resolve-from-2.0.0.tgz#9480ab20e94ffa1d9e80a804c7ea147611966b57"
  integrity sha1-lICrIOlP+h2egKgEx+oUdhGWa1c=

safe-buffer@^5.1.1, safe-buffer@^5.1.2:
  version "5.2.1"
  resolved "https://registry.yarnpkg.com/safe-buffer/-/safe-buffer-5.2.1.tgz#1eaf9fa9bdb1fdd4ec75f58f9cdb4e6b7827eec6"
  integrity sha512-rp3So07KcdmmKbGvgaNxQSJr7bGVSVk5S9Eq1F+ppbRo70+YeaDxkw5Dd8NPN+GD6bjnYm2VuPuCXmpuYvmCXQ==

safe-buffer@~5.1.0, safe-buffer@~5.1.1:
  version "5.1.2"
  resolved "https://registry.yarnpkg.com/safe-buffer/-/safe-buffer-5.1.2.tgz#991ec69d296e0313747d59bdfd2b745c35f8828d"
  integrity sha512-Gd2UZBJDkXlY7GbJxfsE8/nvKkUEU1G38c1siN6QP6a9PT9MmHB8GnpscSmMJSoF8LOIrt8ud/wPtojys4G6+g==

saslprep@^1.0.0:
  version "1.0.3"
  resolved "https://registry.yarnpkg.com/saslprep/-/saslprep-1.0.3.tgz#4c02f946b56cf54297e347ba1093e7acac4cf226"
  integrity sha512-/MY/PEMbk2SuY5sScONwhUDsV2p77Znkb/q3nSVstq/yQzYJOH/Azh29p9oJLsl3LnQwSvZDKagDGBsBwSooag==
  dependencies:
    sparse-bitfield "^3.0.3"

semver@^5.1.0:
  version "5.7.1"
  resolved "https://registry.yarnpkg.com/semver/-/semver-5.7.1.tgz#a954f931aeba508d307bbf069eff0c01c96116f7"
  integrity sha512-sauaDf/PZdVgrLTNYHRtpXa1iRiKcaebiKQ1BJdpQlWH2lCvexQdX55snPFyK7QzpudqbCI0qXFfOasHdyNDGQ==

sparse-bitfield@^3.0.3:
  version "3.0.3"
  resolved "https://registry.yarnpkg.com/sparse-bitfield/-/sparse-bitfield-3.0.3.tgz#ff4ae6e68656056ba4b3e792ab3334d38273ca11"
  integrity sha1-/0rm5oZWBWuks+eSqzM004JzyhE=
  dependencies:
    memory-pager "^1.0.2"

string_decoder@~1.1.1:
  version "1.1.1"
  resolved "https://registry.yarnpkg.com/string_decoder/-/string_decoder-1.1.1.tgz#9cf1611ba62685d7030ae9e4ba34149c3af03fc8"
  integrity sha512-n/ShnvDi6FHbbVfviro+WojiFzv+s8MPMHBczVePfUpDJLwoLT0ht1l4YwBCbi8pJAveEEdnkHyPyTP/mzRfwg==
  dependencies:
    safe-buffer "~5.1.0"

synchronous-promise@^2.0.10:
  version "2.0.13"
  resolved "https://registry.yarnpkg.com/synchronous-promise/-/synchronous-promise-2.0.13.tgz#9d8c165ddee69c5a6542862b405bc50095926702"
  integrity sha512-R9N6uDkVsghHePKh1TEqbnLddO2IY25OcsksyFp/qBe7XYd0PVbKEWxhcdMhpLzE1I6skj5l4aEZ3CRxcbArlA==

toposort@^2.0.2:
  version "2.0.2"
  resolved "https://registry.yarnpkg.com/toposort/-/toposort-2.0.2.tgz#ae21768175d1559d48bef35420b2f4962f09c330"
  integrity sha1-riF2gXXRVZ1IvvNUILL0li8JwzA=

typescript@^3.9.7:
  version "3.9.7"
  resolved "https://registry.yarnpkg.com/typescript/-/typescript-3.9.7.tgz#98d600a5ebdc38f40cb277522f12dc800e9e25fa"
  integrity sha512-BLbiRkiBzAwsjut4x/dsibSTB6yWpwT5qWmC2OfuCg3GgVQCSgMs4vEctYPhsaGtd0AeuuHMkjZ2h2WG8MSzRw==

util-deprecate@~1.0.1:
  version "1.0.2"
  resolved "https://registry.yarnpkg.com/util-deprecate/-/util-deprecate-1.0.2.tgz#450d4dc9fa70de732762fbd2d4a28981419a0ccf"
  integrity sha1-RQ1Nyfpw3nMnYvvS1KKJgUGaDM8=

yup@^0.29.1:
  version "0.29.1"
  resolved "https://registry.yarnpkg.com/yup/-/yup-0.29.1.tgz#35d25aab470a0c3950f66040ba0ff4b1b6efe0d9"
  integrity sha512-U7mPIbgfQWI6M3hZCJdGFrr+U0laG28FxMAKIgNvgl7OtyYuUoc4uy9qCWYHZjh49b8T7Ug8NNDdiMIEytcXrQ==
  dependencies:
    "@babel/runtime" "^7.9.6"
    fn-name "~3.0.0"
    lodash "^4.17.15"
    lodash-es "^4.17.11"
    property-expr "^2.0.2"
    synchronous-promise "^2.0.10"
    toposort "^2.0.2"
